lockfileVersion: 5.4

specifiers:
  '@tauri-apps/api': ^1.6.0
  '@tauri-apps/cli': ^1.2.2
  '@tiptap/pm': 3.0.0-next.4
  '@tiptap/starter-kit': 3.0.0-next.4
  '@tiptap/vue-3': 3.0.0-next.4
  '@vitejs/plugin-vue': ^4.0.0
  lucide-vue-next: ^0.471.0
  tiptap-markdown: ^0.8.10
  vite: ^4.0.0
  vue: ^3.2.45

dependencies:
  '@tauri-apps/api': 1.6.0
  '@tiptap/pm': 3.0.0-next.4
  '@tiptap/starter-kit': 3.0.0-next.4
  '@tiptap/vue-3': 3.0.0-next.4_qvagajbfpwxwkiizo2aeiabaqu
  lucide-vue-next: 0.471.0_vue@3.5.13
  tiptap-markdown: registry.npmmirror.com/tiptap-markdown/0.8.10_@tiptap+core@3.0.0-next.4
  vue: 3.5.13

devDependencies:
  '@tauri-apps/cli': 1.6.3
  '@vitejs/plugin-vue': 4.6.2_vite@4.5.5+vue@3.5.13
  vite: 4.5.5

packages:

  /@babel/helper-string-parser/7.25.9:
    resolution: {integrity: sha512-4A/SCr/2KLd5jrtOMFzaKjVtAei3+2r/NChoBNoZ3EyP/+GlhoaEGoWOZUmFmoITP7zOJyHIMm+DYRd8o3PvHA==}
    engines: {node: '>=6.9.0'}

  /@babel/helper-validator-identifier/7.25.9:
    resolution: {integrity: sha512-Ed61U6XJc3CVRfkERJWDz4dJwKe7iLmmJsbOGu9wSloNSFttHV0I8g6UAgb7qnK5ly5bGLPd4oXZlxCdANBOWQ==}
    engines: {node: '>=6.9.0'}

  /@babel/parser/7.26.5:
    resolution: {integrity: sha512-SRJ4jYmXRqV1/Xc+TIVG84WjHBXKlxO9sHQnA2Pf12QQEAp1LOh6kDzNHXcUnbH1QI0FDoPPVOt+vyUDucxpaw==}
    engines: {node: '>=6.0.0'}
    hasBin: true
    dependencies:
      '@babel/types': 7.26.5

  /@babel/types/7.26.5:
    resolution: {integrity: sha512-L6mZmwFDK6Cjh1nRCLXpa6no13ZIioJDz7mdkzHv399pThrTa/k0nUlNaenOeh2kWu/iaOQYElEpKPUswUa9Vg==}
    engines: {node: '>=6.9.0'}
    dependencies:
      '@babel/helper-string-parser': 7.25.9
      '@babel/helper-validator-identifier': 7.25.9

  /@esbuild/android-arm/0.18.20:
    resolution: {integrity: sha512-fyi7TDI/ijKKNZTUJAQqiG5T7YjJXgnzkURqmGj13C6dCqckZBLdl4h7bkhHt/t0WP+zO9/zwroDvANaOqO5Sw==}
    engines: {node: '>=12'}
    cpu: [arm]
    os: [android]
    requiresBuild: true
    dev: true
    optional: true

  /@esbuild/android-arm64/0.18.20:
    resolution: {integrity: sha512-Nz4rJcchGDtENV0eMKUNa6L12zz2zBDXuhj/Vjh18zGqB44Bi7MBMSXjgunJgjRhCmKOjnPuZp4Mb6OKqtMHLQ==}
    engines: {node: '>=12'}
    cpu: [arm64]
    os: [android]
    requiresBuild: true
    dev: true
    optional: true

  /@esbuild/android-x64/0.18.20:
    resolution: {integrity: sha512-8GDdlePJA8D6zlZYJV/jnrRAi6rOiNaCC/JclcXpB+KIuvfBN4owLtgzY2bsxnx666XjJx2kDPUmnTtR8qKQUg==}
    engines: {node: '>=12'}
    cpu: [x64]
    os: [android]
    requiresBuild: true
    dev: true
    optional: true

  /@esbuild/darwin-arm64/0.18.20:
    resolution: {integrity: sha512-bxRHW5kHU38zS2lPTPOyuyTm+S+eobPUnTNkdJEfAddYgEcll4xkT8DB9d2008DtTbl7uJag2HuE5NZAZgnNEA==}
    engines: {node: '>=12'}
    cpu: [arm64]
    os: [darwin]
    requiresBuild: true
    dev: true
    optional: true

  /@esbuild/darwin-x64/0.18.20:
    resolution: {integrity: sha512-pc5gxlMDxzm513qPGbCbDukOdsGtKhfxD1zJKXjCCcU7ju50O7MeAZ8c4krSJcOIJGFR+qx21yMMVYwiQvyTyQ==}
    engines: {node: '>=12'}
    cpu: [x64]
    os: [darwin]
    requiresBuild: true
    dev: true
    optional: true

  /@esbuild/freebsd-arm64/0.18.20:
    resolution: {integrity: sha512-yqDQHy4QHevpMAaxhhIwYPMv1NECwOvIpGCZkECn8w2WFHXjEwrBn3CeNIYsibZ/iZEUemj++M26W3cNR5h+Tw==}
    engines: {node: '>=12'}
    cpu: [arm64]
    os: [freebsd]
    requiresBuild: true
    dev: true
    optional: true

  /@esbuild/freebsd-x64/0.18.20:
    resolution: {integrity: sha512-tgWRPPuQsd3RmBZwarGVHZQvtzfEBOreNuxEMKFcd5DaDn2PbBxfwLcj4+aenoh7ctXcbXmOQIn8HI6mCSw5MQ==}
    engines: {node: '>=12'}
    cpu: [x64]
    os: [freebsd]
    requiresBuild: true
    dev: true
    optional: true

  /@esbuild/linux-arm/0.18.20:
    resolution: {integrity: sha512-/5bHkMWnq1EgKr1V+Ybz3s1hWXok7mDFUMQ4cG10AfW3wL02PSZi5kFpYKrptDsgb2WAJIvRcDm+qIvXf/apvg==}
    engines: {node: '>=12'}
    cpu: [arm]
    os: [linux]
    requiresBuild: true
    dev: true
    optional: true

  /@esbuild/linux-arm64/0.18.20:
    resolution: {integrity: sha512-2YbscF+UL7SQAVIpnWvYwM+3LskyDmPhe31pE7/aoTMFKKzIc9lLbyGUpmmb8a8AixOL61sQ/mFh3jEjHYFvdA==}
    engines: {node: '>=12'}
    cpu: [arm64]
    os: [linux]
    requiresBuild: true
    dev: true
    optional: true

  /@esbuild/linux-ia32/0.18.20:
    resolution: {integrity: sha512-P4etWwq6IsReT0E1KHU40bOnzMHoH73aXp96Fs8TIT6z9Hu8G6+0SHSw9i2isWrD2nbx2qo5yUqACgdfVGx7TA==}
    engines: {node: '>=12'}
    cpu: [ia32]
    os: [linux]
    requiresBuild: true
    dev: true
    optional: true

  /@esbuild/linux-loong64/0.18.20:
    resolution: {integrity: sha512-nXW8nqBTrOpDLPgPY9uV+/1DjxoQ7DoB2N8eocyq8I9XuqJ7BiAMDMf9n1xZM9TgW0J8zrquIb/A7s3BJv7rjg==}
    engines: {node: '>=12'}
    cpu: [loong64]
    os: [linux]
    requiresBuild: true
    dev: true
    optional: true

  /@esbuild/linux-mips64el/0.18.20:
    resolution: {integrity: sha512-d5NeaXZcHp8PzYy5VnXV3VSd2D328Zb+9dEq5HE6bw6+N86JVPExrA6O68OPwobntbNJ0pzCpUFZTo3w0GyetQ==}
    engines: {node: '>=12'}
    cpu: [mips64el]
    os: [linux]
    requiresBuild: true
    dev: true
    optional: true

  /@esbuild/linux-ppc64/0.18.20:
    resolution: {integrity: sha512-WHPyeScRNcmANnLQkq6AfyXRFr5D6N2sKgkFo2FqguP44Nw2eyDlbTdZwd9GYk98DZG9QItIiTlFLHJHjxP3FA==}
    engines: {node: '>=12'}
    cpu: [ppc64]
    os: [linux]
    requiresBuild: true
    dev: true
    optional: true

  /@esbuild/linux-riscv64/0.18.20:
    resolution: {integrity: sha512-WSxo6h5ecI5XH34KC7w5veNnKkju3zBRLEQNY7mv5mtBmrP/MjNBCAlsM2u5hDBlS3NGcTQpoBvRzqBcRtpq1A==}
    engines: {node: '>=12'}
    cpu: [riscv64]
    os: [linux]
    requiresBuild: true
    dev: true
    optional: true

  /@esbuild/linux-s390x/0.18.20:
    resolution: {integrity: sha512-+8231GMs3mAEth6Ja1iK0a1sQ3ohfcpzpRLH8uuc5/KVDFneH6jtAJLFGafpzpMRO6DzJ6AvXKze9LfFMrIHVQ==}
    engines: {node: '>=12'}
    cpu: [s390x]
    os: [linux]
    requiresBuild: true
    dev: true
    optional: true

  /@esbuild/linux-x64/0.18.20:
    resolution: {integrity: sha512-UYqiqemphJcNsFEskc73jQ7B9jgwjWrSayxawS6UVFZGWrAAtkzjxSqnoclCXxWtfwLdzU+vTpcNYhpn43uP1w==}
    engines: {node: '>=12'}
    cpu: [x64]
    os: [linux]
    requiresBuild: true
    dev: true
    optional: true

  /@esbuild/netbsd-x64/0.18.20:
    resolution: {integrity: sha512-iO1c++VP6xUBUmltHZoMtCUdPlnPGdBom6IrO4gyKPFFVBKioIImVooR5I83nTew5UOYrk3gIJhbZh8X44y06A==}
    engines: {node: '>=12'}
    cpu: [x64]
    os: [netbsd]
    requiresBuild: true
    dev: true
    optional: true

  /@esbuild/openbsd-x64/0.18.20:
    resolution: {integrity: sha512-e5e4YSsuQfX4cxcygw/UCPIEP6wbIL+se3sxPdCiMbFLBWu0eiZOJ7WoD+ptCLrmjZBK1Wk7I6D/I3NglUGOxg==}
    engines: {node: '>=12'}
    cpu: [x64]
    os: [openbsd]
    requiresBuild: true
    dev: true
    optional: true

  /@esbuild/sunos-x64/0.18.20:
    resolution: {integrity: sha512-kDbFRFp0YpTQVVrqUd5FTYmWo45zGaXe0X8E1G/LKFC0v8x0vWrhOWSLITcCn63lmZIxfOMXtCfti/RxN/0wnQ==}
    engines: {node: '>=12'}
    cpu: [x64]
    os: [sunos]
    requiresBuild: true
    dev: true
    optional: true

  /@esbuild/win32-arm64/0.18.20:
    resolution: {integrity: sha512-ddYFR6ItYgoaq4v4JmQQaAI5s7npztfV4Ag6NrhiaW0RrnOXqBkgwZLofVTlq1daVTQNhtI5oieTvkRPfZrePg==}
    engines: {node: '>=12'}
    cpu: [arm64]
    os: [win32]
    requiresBuild: true
    dev: true
    optional: true

  /@esbuild/win32-ia32/0.18.20:
    resolution: {integrity: sha512-Wv7QBi3ID/rROT08SABTS7eV4hX26sVduqDOTe1MvGMjNd3EjOz4b7zeexIR62GTIEKrfJXKL9LFxTYgkyeu7g==}
    engines: {node: '>=12'}
    cpu: [ia32]
    os: [win32]
    requiresBuild: true
    dev: true
    optional: true

  /@esbuild/win32-x64/0.18.20:
    resolution: {integrity: sha512-kTdfRcSiDfQca/y9QIkng02avJ+NCaQvrMejlsB3RRv5sE9rRoeBPISaZpKxHELzRxZyLvNts1P27W3wV+8geQ==}
    engines: {node: '>=12'}
    cpu: [x64]
    os: [win32]
    requiresBuild: true
    dev: true
    optional: true

  /@floating-ui/core/1.6.9:
    resolution: {integrity: sha512-uMXCuQ3BItDUbAMhIXw7UPXRfAlOAvZzdK9BWpE60MCn+Svt3aLn9jsPTi/WNGlRUu2uI0v5S7JiIUsbsvh3fw==}
    dependencies:
      '@floating-ui/utils': 0.2.9
    dev: false

  /@floating-ui/dom/1.6.13:
    resolution: {integrity: sha512-umqzocjDgNRGTuO7Q8CU32dkHkECqI8ZdMZ5Swb6QAM0t5rnlrN3lGo1hdpscRd3WS8T6DKYK4ephgIH9iRh3w==}
    dependencies:
      '@floating-ui/core': 1.6.9
      '@floating-ui/utils': 0.2.9
    dev: false

  /@floating-ui/utils/0.2.9:
    resolution: {integrity: sha512-MDWhGtE+eHw5JW7lq4qhc5yRLS11ERl1c7Z6Xd0a58DozHES6EnNNwUWbMiG4J9Cgj053Bhk8zvlhFYKVhULwg==}
    dev: false

  /@jridgewell/sourcemap-codec/1.5.0:
    resolution: {integrity: sha512-gv3ZRaISU3fjPAgNsriBRqGWQL6quFx04YMPW/zD8XMLsU32mhCCbfbO6KZFLjvYpCZ8zyDEgqsgf+PwPaM7GQ==}

  /@remirror/core-constants/3.0.0:
    resolution: {integrity: sha512-42aWfPrimMfDKDi4YegyS7x+/0tlzaqwPQCULLanv3DMIlu96KTJR0fM5isWX2UViOqlGnX6YFgqWepcX+XMNg==}
    dev: false

  /@tauri-apps/api/1.6.0:
    resolution: {integrity: sha512-rqI++FWClU5I2UBp4HXFvl+sBWkdigBkxnpJDQUWttNyG7IZP4FwQGhTNL5EOw0vI8i6eSAJ5frLqO7n7jbJdg==}
    engines: {node: '>= 14.6.0', npm: '>= 6.6.0', yarn: '>= 1.19.1'}
    dev: false

  /@tauri-apps/cli-darwin-arm64/1.6.3:
    resolution: {integrity: sha512-fQN6IYSL8bG4NvkdKE4sAGF4dF/QqqQq4hOAU+t8ksOzHJr0hUlJYfncFeJYutr/MMkdF7hYKadSb0j5EE9r0A==}
    engines: {node: '>= 10'}
    cpu: [arm64]
    os: [darwin]
    requiresBuild: true
    dev: true
    optional: true

  /@tauri-apps/cli-darwin-x64/1.6.3:
    resolution: {integrity: sha512-1yTXZzLajKAYINJOJhZfmMhCzweHSgKQ3bEgJSn6t+1vFkOgY8Yx4oFgWcybrrWI5J1ZLZAl47+LPOY81dLcyA==}
    engines: {node: '>= 10'}
    cpu: [x64]
    os: [darwin]
    requiresBuild: true
    dev: true
    optional: true

  /@tauri-apps/cli-linux-arm-gnueabihf/1.6.3:
    resolution: {integrity: sha512-CjTEr9r9xgjcvos09AQw8QMRPuH152B1jvlZt4PfAsyJNPFigzuwed5/SF7XAd8bFikA7zArP4UT12RdBxrx7w==}
    engines: {node: '>= 10'}
    cpu: [arm]
    os: [linux]
    requiresBuild: true
    dev: true
    optional: true

  /@tauri-apps/cli-linux-arm64-gnu/1.6.3:
    resolution: {integrity: sha512-G9EUUS4M8M/Jz1UKZqvJmQQCKOzgTb8/0jZKvfBuGfh5AjFBu8LHvlFpwkKVm1l4951Xg4ulUp6P9Q7WRJ9XSA==}
    engines: {node: '>= 10'}
    cpu: [arm64]
    os: [linux]
    libc: [glibc]
    requiresBuild: true
    dev: true
    optional: true

  /@tauri-apps/cli-linux-arm64-musl/1.6.3:
    resolution: {integrity: sha512-MuBTHJyNpZRbPVG8IZBN8+Zs7aKqwD22tkWVBcL1yOGL4zNNTJlkfL+zs5qxRnHlUsn6YAlbW/5HKocfpxVwBw==}
    engines: {node: '>= 10'}
    cpu: [arm64]
    os: [linux]
    libc: [musl]
    requiresBuild: true
    dev: true
    optional: true

  /@tauri-apps/cli-linux-x64-gnu/1.6.3:
    resolution: {integrity: sha512-Uvi7M+NK3tAjCZEY1WGel+dFlzJmqcvu3KND+nqa22762NFmOuBIZ4KJR/IQHfpEYqKFNUhJfCGnpUDfiC3Oxg==}
    engines: {node: '>= 10'}
    cpu: [x64]
    os: [linux]
    libc: [glibc]
    requiresBuild: true
    dev: true
    optional: true

  /@tauri-apps/cli-linux-x64-musl/1.6.3:
    resolution: {integrity: sha512-rc6B342C0ra8VezB/OJom9j/N+9oW4VRA4qMxS2f4bHY2B/z3J9NPOe6GOILeg4v/CV62ojkLsC3/K/CeF3fqQ==}
    engines: {node: '>= 10'}
    cpu: [x64]
    os: [linux]
    libc: [musl]
    requiresBuild: true
    dev: true
    optional: true

  /@tauri-apps/cli-win32-arm64-msvc/1.6.3:
    resolution: {integrity: sha512-cSH2qOBYuYC4UVIFtrc1YsGfc5tfYrotoHrpTvRjUGu0VywvmyNk82+ZsHEnWZ2UHmu3l3lXIGRqSWveLln0xg==}
    engines: {node: '>= 10'}
    cpu: [arm64]
    os: [win32]
    requiresBuild: true
    dev: true
    optional: true

  /@tauri-apps/cli-win32-ia32-msvc/1.6.3:
    resolution: {integrity: sha512-T8V6SJQqE4PSWmYBl0ChQVmS6AR2hXFHURH2DwAhgSGSQ6uBXgwlYFcfIeQpBQA727K2Eq8X2hGfvmoySyHMRw==}
    engines: {node: '>= 10'}
    cpu: [ia32]
    os: [win32]
    requiresBuild: true
    dev: true
    optional: true

  /@tauri-apps/cli-win32-x64-msvc/1.6.3:
    resolution: {integrity: sha512-HUkWZ+lYHI/Gjkh2QjHD/OBDpqLVmvjZGpLK9losur1Eg974Jip6k+vsoTUxQBCBDfj30eDBct9E1FvXOspWeg==}
    engines: {node: '>= 10'}
    cpu: [x64]
    os: [win32]
    requiresBuild: true
    dev: true
    optional: true

  /@tauri-apps/cli/1.6.3:
    resolution: {integrity: sha512-q46umd6QLRKDd4Gg6WyZBGa2fWvk0pbeUA5vFomm4uOs1/17LIciHv2iQ4UD+2Yv5H7AO8YiE1t50V0POiEGEw==}
    engines: {node: '>= 10'}
    hasBin: true
    dependencies:
      semver: 7.6.3
    optionalDependencies:
      '@tauri-apps/cli-darwin-arm64': 1.6.3
      '@tauri-apps/cli-darwin-x64': 1.6.3
      '@tauri-apps/cli-linux-arm-gnueabihf': 1.6.3
      '@tauri-apps/cli-linux-arm64-gnu': 1.6.3
      '@tauri-apps/cli-linux-arm64-musl': 1.6.3
      '@tauri-apps/cli-linux-x64-gnu': 1.6.3
      '@tauri-apps/cli-linux-x64-musl': 1.6.3
      '@tauri-apps/cli-win32-arm64-msvc': 1.6.3
      '@tauri-apps/cli-win32-ia32-msvc': 1.6.3
      '@tauri-apps/cli-win32-x64-msvc': 1.6.3
    dev: true

  /@tiptap/core/3.0.0-next.4_@tiptap+pm@3.0.0-next.4:
    resolution: {integrity: sha512-mn3i0+1reh7Daeui6mZmo9FvORMGr+r32LItaRXspAD5aWMDoHAwfmq7eB8d5CaWubsD+w8B8ezM3wlosvKZ8Q==}
    peerDependencies:
      '@tiptap/pm': ^3.0.0-next.1
    dependencies:
      '@tiptap/pm': 3.0.0-next.4
    dev: false

  /@tiptap/extension-blockquote/3.0.0-next.4_@tiptap+core@3.0.0-next.4:
    resolution: {integrity: sha512-HNsH4fUASVYMCqvnZHjzQU00UkNI8w0EAowH3b3js9MMDj6JPXu1lRc2vvcLeTR+XC3LQl4QnJRtLBQe4LFQcg==}
    peerDependencies:
      '@tiptap/core': ^3.0.0-next.1
    dependencies:
      '@tiptap/core': 3.0.0-next.4_@tiptap+pm@3.0.0-next.4
    dev: false

  /@tiptap/extension-bold/3.0.0-next.4_@tiptap+core@3.0.0-next.4:
    resolution: {integrity: sha512-eLKNzVRD7tgQTXU03CCPB60t6dyK4cbDBzLdcjYVxOlqWE1wp/W9zbWM2PFtOwJJyYLiwBixb2R6IHyzfyE/Ag==}
    peerDependencies:
      '@tiptap/core': ^3.0.0-next.1
    dependencies:
      '@tiptap/core': 3.0.0-next.4_@tiptap+pm@3.0.0-next.4
    dev: false

  /@tiptap/extension-bubble-menu/3.0.0-next.4_eviw3ck77n6443i2aijwllbovu:
    resolution: {integrity: sha512-zBNnpnR1VGaAGVmpHrNAHUPnOdI4qghfLC1k9PS/UAJZFqw+A67MvHhMZN7PNO/JDenPGM1cGDfWhZgDp/m7Yw==}
    peerDependencies:
      '@tiptap/core': ^3.0.0-next.1
      '@tiptap/pm': ^3.0.0-next.1
    dependencies:
      '@floating-ui/dom': 1.6.13
      '@tiptap/core': 3.0.0-next.4_@tiptap+pm@3.0.0-next.4
      '@tiptap/pm': 3.0.0-next.4
    dev: false

  /@tiptap/extension-bullet-list/3.0.0-next.4_@tiptap+core@3.0.0-next.4:
    resolution: {integrity: sha512-fs1L3IQPIVXGK+mfiXOvFAI3LmEKlGQhacTbdsOrXKtrcWf5XTgEy9QxpI4vfsoD1kDcAluMc2JjBEk6Qny+YA==}
    peerDependencies:
      '@tiptap/core': ^3.0.0-next.1
    dependencies:
      '@tiptap/core': 3.0.0-next.4_@tiptap+pm@3.0.0-next.4
    dev: false

  /@tiptap/extension-code-block/3.0.0-next.4_eviw3ck77n6443i2aijwllbovu:
    resolution: {integrity: sha512-yfubtR8UzNT2pREK3AeSlsCAzpzNh0Py+V2IsFBmXT7rzjhQTOq/gLqpm6asca7ta85L8S4lL1xQaKi/nqcGmA==}
    peerDependencies:
      '@tiptap/core': ^3.0.0-next.1
      '@tiptap/pm': ^3.0.0-next.1
    dependencies:
      '@tiptap/core': 3.0.0-next.4_@tiptap+pm@3.0.0-next.4
      '@tiptap/pm': 3.0.0-next.4
    dev: false

  /@tiptap/extension-code/3.0.0-next.4_@tiptap+core@3.0.0-next.4:
    resolution: {integrity: sha512-B2E3nYZqPjY4OgQTSfWL/zVS03ZvzgUgehNSoN19SWXrIHMEk84ou4xOG//fW5LOl2QyKJEUBRYZWIgGBBI1wg==}
    peerDependencies:
      '@tiptap/core': ^3.0.0-next.1
    dependencies:
      '@tiptap/core': 3.0.0-next.4_@tiptap+pm@3.0.0-next.4
    dev: false

  /@tiptap/extension-document/3.0.0-next.4_@tiptap+core@3.0.0-next.4:
    resolution: {integrity: sha512-YCyNnZInWLiSk8dI9djfIHKl6YE8LNFKhPPw+wf79jwTz/Cc57utuUYHW4Y9AGXY8JVGb4itgLd/nIJqMdBH7Q==}
    peerDependencies:
      '@tiptap/core': ^3.0.0-next.1
    dependencies:
      '@tiptap/core': 3.0.0-next.4_@tiptap+pm@3.0.0-next.4
    dev: false

  /@tiptap/extension-dropcursor/3.0.0-next.4_4fdwnqegu2goh3z6qjmb5nctmu:
    resolution: {integrity: sha512-ooaF8gYXQpxIJ2Yn/13pV7NlheOymfigvaMY/R7EMBh8CO8SXrtfJYgWQObo2vylIBd/6ZfETB67TKGK9hRLzg==}
    peerDependencies:
      '@tiptap/extensions': ^3.0.0-next.3
    dependencies:
      '@tiptap/extensions': 3.0.0-next.4_eviw3ck77n6443i2aijwllbovu
    dev: false

  /@tiptap/extension-floating-menu/3.0.0-next.4_lkin2dr4fzup2dw4j7twiw22du:
    resolution: {integrity: sha512-qBtfF+cevbnfLcItfiOm2r58cGLMu3kV3bwmyCHn4hgQI6za5z28DYrcq/OOV6fjNFWLj40z1nBfCMz8h7JYwg==}
    peerDependencies:
      '@floating-ui/dom': ^1.0.0
      '@tiptap/core': ^3.0.0-next.1
      '@tiptap/pm': ^3.0.0-next.1
    dependencies:
      '@floating-ui/dom': 1.6.13
      '@tiptap/core': 3.0.0-next.4_@tiptap+pm@3.0.0-next.4
      '@tiptap/pm': 3.0.0-next.4
    dev: false

  /@tiptap/extension-gapcursor/3.0.0-next.4_4fdwnqegu2goh3z6qjmb5nctmu:
    resolution: {integrity: sha512-WJUy8O+pS9XFfn4vKKA9EHqv+wGvUaoPleEW1miI6mSCYhgUe+1Ejz1nA42pBAasH8sXXtkC9ekjxZWNRUwHZA==}
    peerDependencies:
      '@tiptap/extensions': ^3.0.0-next.3
    dependencies:
      '@tiptap/extensions': 3.0.0-next.4_eviw3ck77n6443i2aijwllbovu
    dev: false

  /@tiptap/extension-hard-break/3.0.0-next.4_@tiptap+core@3.0.0-next.4:
    resolution: {integrity: sha512-SJ4k5JEi4zj7QnHs43bUkS9r+p7c3hpwg0ZXqeQ0K6gx70J1RDkZ4qkuq7C17UTt33JJoEYSsWESSO2+Zz3d+A==}
    peerDependencies:
      '@tiptap/core': ^3.0.0-next.1
    dependencies:
      '@tiptap/core': 3.0.0-next.4_@tiptap+pm@3.0.0-next.4
    dev: false

  /@tiptap/extension-heading/3.0.0-next.4_@tiptap+core@3.0.0-next.4:
    resolution: {integrity: sha512-ZOIOwvloShmXeLhnPZGXSc5byWrxCm4S8w4WPyS8brTeyYsjxc0tDMWC1zNGsH5m0OUFoCh7G0+kuoZa6s/ySw==}
    peerDependencies:
      '@tiptap/core': ^3.0.0-next.1
    dependencies:
      '@tiptap/core': 3.0.0-next.4_@tiptap+pm@3.0.0-next.4
    dev: false

  /@tiptap/extension-history/3.0.0-next.4_eviw3ck77n6443i2aijwllbovu:
    resolution: {integrity: sha512-faUcD5hVlQid5aPZgEa0fSLSRHg+esdQRGWgD9FvowUUzkNkhwexQfLJwdPhEibiPKhhJV/1zX6TgNGhx2Ujtg==}
    peerDependencies:
      '@tiptap/core': ^3.0.0-next.1
      '@tiptap/pm': ^3.0.0-next.1
    dependencies:
      '@tiptap/core': 3.0.0-next.4_@tiptap+pm@3.0.0-next.4
      '@tiptap/pm': 3.0.0-next.4
    dev: false

  /@tiptap/extension-horizontal-rule/3.0.0-next.4_eviw3ck77n6443i2aijwllbovu:
    resolution: {integrity: sha512-bJDjs85fOWvRCnmrrFPlR/Jt0mWAPRUJDnAnvFozeE4Q7C375yu26ovXHL9RE/9WVMajcx2ki1Zo1vXqMbT8gw==}
    peerDependencies:
      '@tiptap/core': ^3.0.0-next.1
      '@tiptap/pm': ^3.0.0-next.1
    dependencies:
      '@tiptap/core': 3.0.0-next.4_@tiptap+pm@3.0.0-next.4
      '@tiptap/pm': 3.0.0-next.4
    dev: false

  /@tiptap/extension-italic/3.0.0-next.4_@tiptap+core@3.0.0-next.4:
    resolution: {integrity: sha512-TClVds3q1wIcxWB0gBXhKyHGOu/UNmY7f3W9KcV2yAm41mZCjmab5XbJn26eWdu84cbPZ7HYqkqFT/dig9YklA==}
    peerDependencies:
      '@tiptap/core': ^3.0.0-next.1
    dependencies:
      '@tiptap/core': 3.0.0-next.4_@tiptap+pm@3.0.0-next.4
    dev: false

  /@tiptap/extension-link/3.0.0-next.4_eviw3ck77n6443i2aijwllbovu:
    resolution: {integrity: sha512-yG3i8BS+B9mC+30At17A2On4AxfEtFjzY7tN9FXhPkdQGQoIIrIJR8Q7NfPMAtLnJXeonCkivrRQaHNIP0ErBA==}
    peerDependencies:
      '@tiptap/core': ^3.0.0-next.1
      '@tiptap/pm': ^3.0.0-next.1
    dependencies:
      '@tiptap/core': 3.0.0-next.4_@tiptap+pm@3.0.0-next.4
      '@tiptap/pm': 3.0.0-next.4
      linkifyjs: 4.2.0
    dev: false

  /@tiptap/extension-list-item/3.0.0-next.4_@tiptap+core@3.0.0-next.4:
    resolution: {integrity: sha512-K3mmIDEm5tK5YUoR8ym1q6aHdYQKvxHVQo2Uf9xEX7Fqz9KVedFW28KdXcwExN8jTHtBV6IS/zDc3SAZOI87zQ==}
    peerDependencies:
      '@tiptap/core': ^3.0.0-next.1
    dependencies:
      '@tiptap/core': 3.0.0-next.4_@tiptap+pm@3.0.0-next.4
    dev: false

  /@tiptap/extension-list-keymap/3.0.0-next.4_eviw3ck77n6443i2aijwllbovu:
    resolution: {integrity: sha512-p2W6hi8b7WX8+Fp7McysE6yksGB76Fjn8RqOJ6iZ94Ri3DFzWDd8NIHjgszZdKxIZ4O+zwV26KE3MC+LkvlmHg==}
    peerDependencies:
      '@tiptap/core': ^3.0.0-next.3
      '@tiptap/pm': ^3.0.0-next.3
    dependencies:
      '@tiptap/core': 3.0.0-next.4_@tiptap+pm@3.0.0-next.4
      '@tiptap/pm': 3.0.0-next.4
    dev: false

  /@tiptap/extension-ordered-list/3.0.0-next.4_@tiptap+core@3.0.0-next.4:
    resolution: {integrity: sha512-M1SFy1PVXmlZNdfcVzSekBlO9LM0ezfALf28TXiK5Dzh/r2Ms4BEmseVyYgV5elWyH5IwH9ac72n9q5031jRnw==}
    peerDependencies:
      '@tiptap/core': ^3.0.0-next.1
    dependencies:
      '@tiptap/core': 3.0.0-next.4_@tiptap+pm@3.0.0-next.4
    dev: false

  /@tiptap/extension-paragraph/3.0.0-next.4_@tiptap+core@3.0.0-next.4:
    resolution: {integrity: sha512-Nt6yKBHh44KTZ5HKfq7PFisADshAxKdKw0Gqo+2oMaX2jOcXzh5VG70ehzfsSOmRoIufDwddW7d0pKTVTRMj6A==}
    peerDependencies:
      '@tiptap/core': ^3.0.0-next.1
    dependencies:
      '@tiptap/core': 3.0.0-next.4_@tiptap+pm@3.0.0-next.4
    dev: false

  /@tiptap/extension-strike/3.0.0-next.4_@tiptap+core@3.0.0-next.4:
    resolution: {integrity: sha512-uN1W1eunfLNSKQfIiVwQKNHMmxmENxPK2cY96sH+qnPXhKi38e1U/Gf5BMWmm8VfD66WLW8+VHGLVPfqk7hUxQ==}
    peerDependencies:
      '@tiptap/core': ^3.0.0-next.1
    dependencies:
      '@tiptap/core': 3.0.0-next.4_@tiptap+pm@3.0.0-next.4
    dev: false

  /@tiptap/extension-text/3.0.0-next.4_@tiptap+core@3.0.0-next.4:
    resolution: {integrity: sha512-Xafqq6BETbFaRA6iurMdHpOb2/2jaAVJufxCKnJmZChMIBUQIL3W8V6IDJ4CUmCcQ8M9IbzMc1O9qTcTLQmMHg==}
    peerDependencies:
      '@tiptap/core': ^3.0.0-next.1
    dependencies:
      '@tiptap/core': 3.0.0-next.4_@tiptap+pm@3.0.0-next.4
    dev: false

  /@tiptap/extension-underline/3.0.0-next.4_@tiptap+core@3.0.0-next.4:
    resolution: {integrity: sha512-e2kmIS/R7O/y86m3MawHR9jm9E/D/JKvAAeK3khanDQNM46IMtP35k07wMeU48N9GzEr0tFrzo5Ru5uLZzLf/g==}
    peerDependencies:
      '@tiptap/core': ^3.0.0-next.1
    dependencies:
      '@tiptap/core': 3.0.0-next.4_@tiptap+pm@3.0.0-next.4
    dev: false

  /@tiptap/extensions/3.0.0-next.4_eviw3ck77n6443i2aijwllbovu:
    resolution: {integrity: sha512-3sfgF/GwBFlagh+PYsFT4OoSypqYNVkTCzjl1opkiXCKwaFSukzjUGOIJZjyQ/xgLE5eaNtwdAF5H320CZs84w==}
    peerDependencies:
      '@tiptap/core': ^3.0.0-next.3
      '@tiptap/pm': ^3.0.0-next.3
    dependencies:
      '@tiptap/core': 3.0.0-next.4_@tiptap+pm@3.0.0-next.4
      '@tiptap/pm': 3.0.0-next.4
    dev: false

  /@tiptap/pm/3.0.0-next.4:
    resolution: {integrity: sha512-z0Go7FuzkH1guE9q+HRwLp++E1aRZ2OcHVItFeUixMpaqA84gQz7eLNzwcX0uvL8vzrmtnlS9O2KVhNs5o3ahQ==}
    dependencies:
      prosemirror-changeset: 2.2.1
      prosemirror-collab: 1.3.1
      prosemirror-commands: 1.6.2
      prosemirror-dropcursor: 1.8.1
      prosemirror-gapcursor: 1.3.2
      prosemirror-history: 1.4.1
      prosemirror-inputrules: 1.4.0
      prosemirror-keymap: 1.2.2
      prosemirror-markdown: 1.13.1
      prosemirror-menu: 1.2.4
      prosemirror-model: 1.24.1
      prosemirror-schema-basic: 1.2.3
      prosemirror-schema-list: 1.5.0
      prosemirror-state: 1.4.3
      prosemirror-tables: 1.6.2
      prosemirror-trailing-node: 3.0.0_jwzaqwhmwyfbj6iqz4uooq6xtm
      prosemirror-transform: 1.10.2
      prosemirror-view: 1.37.1
    dev: false

  /@tiptap/starter-kit/3.0.0-next.4:
    resolution: {integrity: sha512-jzIw0k+lItQkJ6rsaYG0Dav8LQS0Ki7s5XiF045/Hgg1Z9hvuj1z7mSFkXMfUFsp4v8093Tw8aajeTUOWebMbw==}
    dependencies:
      '@tiptap/core': 3.0.0-next.4_@tiptap+pm@3.0.0-next.4
      '@tiptap/extension-blockquote': 3.0.0-next.4_@tiptap+core@3.0.0-next.4
      '@tiptap/extension-bold': 3.0.0-next.4_@tiptap+core@3.0.0-next.4
      '@tiptap/extension-bullet-list': 3.0.0-next.4_@tiptap+core@3.0.0-next.4
      '@tiptap/extension-code': 3.0.0-next.4_@tiptap+core@3.0.0-next.4
      '@tiptap/extension-code-block': 3.0.0-next.4_eviw3ck77n6443i2aijwllbovu
      '@tiptap/extension-document': 3.0.0-next.4_@tiptap+core@3.0.0-next.4
      '@tiptap/extension-dropcursor': 3.0.0-next.4_4fdwnqegu2goh3z6qjmb5nctmu
      '@tiptap/extension-gapcursor': 3.0.0-next.4_4fdwnqegu2goh3z6qjmb5nctmu
      '@tiptap/extension-hard-break': 3.0.0-next.4_@tiptap+core@3.0.0-next.4
      '@tiptap/extension-heading': 3.0.0-next.4_@tiptap+core@3.0.0-next.4
      '@tiptap/extension-history': 3.0.0-next.4_eviw3ck77n6443i2aijwllbovu
      '@tiptap/extension-horizontal-rule': 3.0.0-next.4_eviw3ck77n6443i2aijwllbovu
      '@tiptap/extension-italic': 3.0.0-next.4_@tiptap+core@3.0.0-next.4
      '@tiptap/extension-link': 3.0.0-next.4_eviw3ck77n6443i2aijwllbovu
      '@tiptap/extension-list-item': 3.0.0-next.4_@tiptap+core@3.0.0-next.4
      '@tiptap/extension-list-keymap': 3.0.0-next.4_eviw3ck77n6443i2aijwllbovu
      '@tiptap/extension-ordered-list': 3.0.0-next.4_@tiptap+core@3.0.0-next.4
      '@tiptap/extension-paragraph': 3.0.0-next.4_@tiptap+core@3.0.0-next.4
      '@tiptap/extension-strike': 3.0.0-next.4_@tiptap+core@3.0.0-next.4
      '@tiptap/extension-text': 3.0.0-next.4_@tiptap+core@3.0.0-next.4
      '@tiptap/extension-underline': 3.0.0-next.4_@tiptap+core@3.0.0-next.4
      '@tiptap/extensions': 3.0.0-next.4_eviw3ck77n6443i2aijwllbovu
      '@tiptap/pm': 3.0.0-next.4
    dev: false

  /@tiptap/vue-3/3.0.0-next.4_qvagajbfpwxwkiizo2aeiabaqu:
    resolution: {integrity: sha512-zAGchawJwZkEIqzg6CQB2TUbp7NCy08X6rU27eshIe6PSTvovC3F4nZXRJ5pA2iIZg7/35Mz6Hg6TLQwpS9xCQ==}
    peerDependencies:
      '@floating-ui/dom': ^1.0.0
      '@tiptap/core': ^3.0.0-next.1
      '@tiptap/pm': ^3.0.0-next.1
      vue: ^3.0.0
    dependencies:
      '@floating-ui/dom': 1.6.13
      '@tiptap/core': 3.0.0-next.4_@tiptap+pm@3.0.0-next.4
      '@tiptap/extension-bubble-menu': 3.0.0-next.4_eviw3ck77n6443i2aijwllbovu
      '@tiptap/extension-floating-menu': 3.0.0-next.4_lkin2dr4fzup2dw4j7twiw22du
      '@tiptap/pm': 3.0.0-next.4
      vue: 3.5.13
    dev: false

  /@types/linkify-it/3.0.5:
    resolution: {integrity: sha512-yg6E+u0/+Zjva+buc3EIb+29XEg4wltq7cSmd4Uc2EE/1nUVmxyzpX6gUXD0V8jIrG0r7YeOGVIbYRkxeooCtw==}
    dev: false

  /@types/linkify-it/5.0.0:
    resolution: {integrity: sha512-sVDA58zAw4eWAffKOaQH5/5j3XeayukzDk+ewSsnv3p4yJEZHCCzMDiZM8e0OUrRvmpGZ85jf4yDHkHsgBNr9Q==}
    dev: false

  /@types/markdown-it/13.0.9:
    resolution: {integrity: sha512-1XPwR0+MgXLWfTn9gCsZ55AHOKW1WN+P9vr0PaQh5aerR9LLQXUbjfEAFhjmEmyoYFWAyuN2Mqkn40MZ4ukjBw==}
    dependencies:
      '@types/linkify-it': 3.0.5
      '@types/mdurl': 1.0.5
    dev: false

  /@types/markdown-it/14.1.2:
    resolution: {integrity: sha512-promo4eFwuiW+TfGxhi+0x3czqTYJkG8qB17ZUJiVF10Xm7NLVRSLUsfRTU/6h1e24VvRnXCx+hG7li58lkzog==}
    dependencies:
      '@types/linkify-it': 5.0.0
      '@types/mdurl': 2.0.0
    dev: false

  /@types/mdurl/1.0.5:
    resolution: {integrity: sha512-6L6VymKTzYSrEf4Nev4Xa1LCHKrlTlYCBMTlQKFuddo1CvQcE52I0mwfOJayueUC7MJuXOeHTcIU683lzd0cUA==}
    dev: false

  /@types/mdurl/2.0.0:
    resolution: {integrity: sha512-RGdgjQUZba5p6QEFAVx2OGb8rQDL/cPRG7GiedRzMcJ1tYnUANBncjbSB1NRGwbvjcPeikRABz2nshyPk1bhWg==}
    dev: false

  /@vitejs/plugin-vue/4.6.2_vite@4.5.5+vue@3.5.13:
    resolution: {integrity: sha512-kqf7SGFoG+80aZG6Pf+gsZIVvGSCKE98JbiWqcCV9cThtg91Jav0yvYFC9Zb+jKetNGF6ZKeoaxgZfND21fWKw==}
    engines: {node: ^14.18.0 || >=16.0.0}
    peerDependencies:
      vite: ^4.0.0 || ^5.0.0
      vue: ^3.2.25
    dependencies:
      vite: 4.5.5
      vue: 3.5.13
    dev: true

  /@vue/compiler-core/3.5.13:
    resolution: {integrity: sha512-oOdAkwqUfW1WqpwSYJce06wvt6HljgY3fGeM9NcVA1HaYOij3mZG9Rkysn0OHuyUAGMbEbARIpsG+LPVlBJ5/Q==}
    dependencies:
      '@babel/parser': 7.26.5
      '@vue/shared': 3.5.13
      entities: 4.5.0
      estree-walker: 2.0.2
      source-map-js: 1.2.1

  /@vue/compiler-dom/3.5.13:
    resolution: {integrity: sha512-ZOJ46sMOKUjO3e94wPdCzQ6P1Lx/vhp2RSvfaab88Ajexs0AHeV0uasYhi99WPaogmBlRHNRuly8xV75cNTMDA==}
    dependencies:
      '@vue/compiler-core': 3.5.13
      '@vue/shared': 3.5.13

  /@vue/compiler-sfc/3.5.13:
    resolution: {integrity: sha512-6VdaljMpD82w6c2749Zhf5T9u5uLBWKnVue6XWxprDobftnletJ8+oel7sexFfM3qIxNmVE7LSFGTpv6obNyaQ==}
    dependencies:
      '@babel/parser': 7.26.5
      '@vue/compiler-core': 3.5.13
      '@vue/compiler-dom': 3.5.13
      '@vue/compiler-ssr': 3.5.13
      '@vue/shared': 3.5.13
      estree-walker: 2.0.2
      magic-string: 0.30.17
      postcss: 8.4.49
      source-map-js: 1.2.1

  /@vue/compiler-ssr/3.5.13:
    resolution: {integrity: sha512-wMH6vrYHxQl/IybKJagqbquvxpWCuVYpoUJfCqFZwa/JY1GdATAQ+TgVtgrwwMZ0D07QhA99rs/EAAWfvG6KpA==}
    dependencies:
      '@vue/compiler-dom': 3.5.13
      '@vue/shared': 3.5.13

  /@vue/reactivity/3.5.13:
    resolution: {integrity: sha512-NaCwtw8o48B9I6L1zl2p41OHo/2Z4wqYGGIK1Khu5T7yxrn+ATOixn/Udn2m+6kZKB/J7cuT9DbWWhRxqixACg==}
    dependencies:
      '@vue/shared': 3.5.13

  /@vue/runtime-core/3.5.13:
    resolution: {integrity: sha512-Fj4YRQ3Az0WTZw1sFe+QDb0aXCerigEpw418pw1HBUKFtnQHWzwojaukAs2X/c9DQz4MQ4bsXTGlcpGxU/RCIw==}
    dependencies:
      '@vue/reactivity': 3.5.13
      '@vue/shared': 3.5.13

  /@vue/runtime-dom/3.5.13:
    resolution: {integrity: sha512-dLaj94s93NYLqjLiyFzVs9X6dWhTdAlEAciC3Moq7gzAc13VJUdCnjjRurNM6uTLFATRHexHCTu/Xp3eW6yoog==}
    dependencies:
      '@vue/reactivity': 3.5.13
      '@vue/runtime-core': 3.5.13
      '@vue/shared': 3.5.13
      csstype: 3.1.3

  /@vue/server-renderer/3.5.13_vue@3.5.13:
    resolution: {integrity: sha512-wAi4IRJV/2SAW3htkTlB+dHeRmpTiVIK1OGLWV1yeStVSebSQQOwGwIq0D3ZIoBj2C2qpgz5+vX9iEBkTdk5YA==}
    peerDependencies:
      vue: 3.5.13
    dependencies:
      '@vue/compiler-ssr': 3.5.13
      '@vue/shared': 3.5.13
      vue: 3.5.13

  /@vue/shared/3.5.13:
    resolution: {integrity: sha512-/hnE/qP5ZoGpol0a5mDi45bOd7t3tjYJBjsgCsivow7D48cJeV5l05RD82lPqi7gRiphZM37rnhW1l6ZoCNNnQ==}

  /argparse/2.0.1:
    resolution: {integrity: sha512-8+9WqebbFzpX9OR+Wa6O29asIogeRMzcGtAINdpMHHyAg10f05aSFVBbcEqGf/PXw1EjAZ+q2/bEBg3DvurK3Q==}
    dev: false

  /crelt/1.0.6:
    resolution: {integrity: sha512-VQ2MBenTq1fWZUH9DJNGti7kKv6EeAuYr3cLwxUWhIu1baTaXh4Ib5W2CqHVqib4/MqbYGJqiL3Zb8GJZr3l4g==}
    dev: false

  /csstype/3.1.3:
    resolution: {integrity: sha512-M1uQkMl8rQK/szD0LNhtqxIPLpimGm8sOBwU7lLnCpSbTyY3yeU1Vc7l4KT5zT4s/yOxHH5O7tIuuLOCnLADRw==}

  /entities/4.5.0:
    resolution: {integrity: sha512-V0hjH4dGPh9Ao5p0MoRY6BVqtwCjhz6vI5LT8AJ55H+4g9/4vbHx1I54fS0XuclLhDHArPQCiMjDxjaL8fPxhw==}
    engines: {node: '>=0.12'}

  /esbuild/0.18.20:
    resolution: {integrity: sha512-ceqxoedUrcayh7Y7ZX6NdbbDzGROiyVBgC4PriJThBKSVPWnnFHZAkfI1lJT8QFkOwH4qOS2SJkS4wvpGl8BpA==}
    engines: {node: '>=12'}
    hasBin: true
    requiresBuild: true
    optionalDependencies:
      '@esbuild/android-arm': 0.18.20
      '@esbuild/android-arm64': 0.18.20
      '@esbuild/android-x64': 0.18.20
      '@esbuild/darwin-arm64': 0.18.20
      '@esbuild/darwin-x64': 0.18.20
      '@esbuild/freebsd-arm64': 0.18.20
      '@esbuild/freebsd-x64': 0.18.20
      '@esbuild/linux-arm': 0.18.20
      '@esbuild/linux-arm64': 0.18.20
      '@esbuild/linux-ia32': 0.18.20
      '@esbuild/linux-loong64': 0.18.20
      '@esbuild/linux-mips64el': 0.18.20
      '@esbuild/linux-ppc64': 0.18.20
      '@esbuild/linux-riscv64': 0.18.20
      '@esbuild/linux-s390x': 0.18.20
      '@esbuild/linux-x64': 0.18.20
      '@esbuild/netbsd-x64': 0.18.20
      '@esbuild/openbsd-x64': 0.18.20
      '@esbuild/sunos-x64': 0.18.20
      '@esbuild/win32-arm64': 0.18.20
      '@esbuild/win32-ia32': 0.18.20
      '@esbuild/win32-x64': 0.18.20
    dev: true

  /escape-string-regexp/4.0.0:
    resolution: {integrity: sha512-TtpcNJ3XAzx3Gq8sWRzJaVajRs0uVxA2YAkdb1jm2YkPz4G6egUFAyA3n5vtEIZefPk5Wa4UXbKuS5fKkJWdgA==}
    engines: {node: '>=10'}
    dev: false

  /estree-walker/2.0.2:
    resolution: {integrity: sha512-Rfkk/Mp/DL7JVje3u18FxFujQlTNR2q6QfMSMB7AvCBx91NGj/ba3kCfza0f6dVDbw7YlRf/nDrn7pQrCCyQ/w==}

  /fsevents/2.3.3:
    resolution: {integrity: sha512-5xoDfX+fL7faATnagmWPpbFtwh/R77WmMMqqHGS65C3vvB0YHrgF+B1YmZ3441tMj5n63k0212XNoJwzlhffQw==}
    engines: {node: ^8.16.0 || ^10.6.0 || >=11.0.0}
    os: [darwin]
    requiresBuild: true
    dev: true
    optional: true

  /linkify-it/5.0.0:
    resolution: {integrity: sha512-5aHCbzQRADcdP+ATqnDuhhJ/MRIqDkZX5pyjFHRRysS8vZ5AbqGEoFIb6pYHPZ+L/OC2Lc+xT8uHVVR5CAK/wQ==}
    dependencies:
      uc.micro: 2.1.0
    dev: false

  /linkifyjs/4.2.0:
    resolution: {integrity: sha512-pCj3PrQyATaoTYKHrgWRF3SJwsm61udVh+vuls/Rl6SptiDhgE7ziUIudAedRY9QEfynmM7/RmLEfPUyw1HPCw==}
    dev: false

  /lucide-vue-next/0.471.0_vue@3.5.13:
    resolution: {integrity: sha512-ZJyImsuBOR91VF5auILuo1U0m93sSjYs+i/m5ISx8oG4FWMXX7hzuotx24/dTMRp+e8pMWUeVmPBKsNcNSrUzg==}
    peerDependencies:
      vue: '>=3.0.1'
    dependencies:
      vue: 3.5.13
    dev: false

  /magic-string/0.30.17:
    resolution: {integrity: sha512-sNPKHvyjVf7gyjwS4xGTaW/mCnF8wnjtifKBEhxfZ7E/S8tQ0rssrwGNn6q8JH/ohItJfSQp9mBtQYuTlH5QnA==}
    dependencies:
      '@jridgewell/sourcemap-codec': 1.5.0

  /markdown-it-task-lists/2.1.1:
    resolution: {integrity: sha512-TxFAc76Jnhb2OUu+n3yz9RMu4CwGfaT788br6HhEDlvWfdeJcLUsxk1Hgw2yJio0OXsxv7pyIPmvECY7bMbluA==}
    dev: false

  /markdown-it/14.1.0:
    resolution: {integrity: sha512-a54IwgWPaeBCAAsv13YgmALOF1elABB08FxO9i+r4VFk5Vl4pKokRPeX8u5TCgSsPi6ec1otfLjdOpVcgbpshg==}
    hasBin: true
    dependencies:
      argparse: 2.0.1
      entities: 4.5.0
      linkify-it: 5.0.0
      mdurl: 2.0.0
      punycode.js: 2.3.1
      uc.micro: 2.1.0
    dev: false

  /mdurl/2.0.0:
    resolution: {integrity: sha512-Lf+9+2r+Tdp5wXDXC4PcIBjTDtq4UKjCPMQhKIuzpJNW0b96kVqSwW0bT7FhRSfmAiFYgP+SCRvdrDozfh0U5w==}
    dev: false

  /nanoid/3.3.8:
    resolution: {integrity: sha512-WNLf5Sd8oZxOm+TzppcYk8gVOgP+l58xNy58D0nbUnOxOWRWvlcCV4kUF7ltmI6PsrLl/BgKEyS4mqsGChFN0w==}
    engines: {node: ^10 || ^12 || ^13.7 || ^14 || >=15.0.1}
    hasBin: true

  /orderedmap/2.1.1:
    resolution: {integrity: sha512-TvAWxi0nDe1j/rtMcWcIj94+Ffe6n7zhow33h40SKxmsmozs6dz/e+EajymfoFcHd7sxNn8yHM8839uixMOV6g==}
    dev: false

  /picocolors/1.1.1:
    resolution: {integrity: sha512-xceH2snhtb5M9liqDsmEw56le376mTZkEX/jEb/RxNFyegNul7eNslCXP9FDj/Lcu0X8KEyMceP2ntpaHrDEVA==}

  /postcss/8.4.49:
    resolution: {integrity: sha512-OCVPnIObs4N29kxTjzLfUryOkvZEq+pf8jTF0lg8E7uETuWHA+v7j3c/xJmiqpX450191LlmZfUKkXxkTry7nA==}
    engines: {node: ^10 || ^12 || >=14}
    dependencies:
      nanoid: 3.3.8
      picocolors: 1.1.1
      source-map-js: 1.2.1

  /prosemirror-changeset/2.2.1:
    resolution: {integrity: sha512-J7msc6wbxB4ekDFj+n9gTW/jav/p53kdlivvuppHsrZXCaQdVgRghoZbSS3kwrRyAstRVQ4/+u5k7YfLgkkQvQ==}
    dependencies:
      prosemirror-transform: 1.10.2
    dev: false

  /prosemirror-collab/1.3.1:
    resolution: {integrity: sha512-4SnynYR9TTYaQVXd/ieUvsVV4PDMBzrq2xPUWutHivDuOshZXqQ5rGbZM84HEaXKbLdItse7weMGOUdDVcLKEQ==}
    dependencies:
      prosemirror-state: 1.4.3
    dev: false

  /prosemirror-commands/1.6.2:
    resolution: {integrity: sha512-0nDHH++qcf/BuPLYvmqZTUUsPJUCPBUXt0J1ErTcDIS369CTp773itzLGIgIXG4LJXOlwYCr44+Mh4ii6MP1QA==}
    dependencies:
      prosemirror-model: 1.24.1
      prosemirror-state: 1.4.3
      prosemirror-transform: 1.10.2
    dev: false

  /prosemirror-dropcursor/1.8.1:
    resolution: {integrity: sha512-M30WJdJZLyXHi3N8vxN6Zh5O8ZBbQCz0gURTfPmTIBNQ5pxrdU7A58QkNqfa98YEjSAL1HUyyU34f6Pm5xBSGw==}
    dependencies:
      prosemirror-state: 1.4.3
      prosemirror-transform: 1.10.2
      prosemirror-view: 1.37.1
    dev: false

  /prosemirror-gapcursor/1.3.2:
    resolution: {integrity: sha512-wtjswVBd2vaQRrnYZaBCbyDqr232Ed4p2QPtRIUK5FuqHYKGWkEwl08oQM4Tw7DOR0FsasARV5uJFvMZWxdNxQ==}
    dependencies:
      prosemirror-keymap: 1.2.2
      prosemirror-model: 1.24.1
      prosemirror-state: 1.4.3
      prosemirror-view: 1.37.1
    dev: false

  /prosemirror-history/1.4.1:
    resolution: {integrity: sha512-2JZD8z2JviJrboD9cPuX/Sv/1ChFng+xh2tChQ2X4bB2HeK+rra/bmJ3xGntCcjhOqIzSDG6Id7e8RJ9QPXLEQ==}
    dependencies:
      prosemirror-state: 1.4.3
      prosemirror-transform: 1.10.2
      prosemirror-view: 1.37.1
      rope-sequence: 1.3.4
    dev: false

  /prosemirror-inputrules/1.4.0:
    resolution: {integrity: sha512-6ygpPRuTJ2lcOXs9JkefieMst63wVJBgHZGl5QOytN7oSZs3Co/BYbc3Yx9zm9H37Bxw8kVzCnDsihsVsL4yEg==}
    dependencies:
      prosemirror-state: 1.4.3
      prosemirror-transform: 1.10.2
    dev: false

  /prosemirror-keymap/1.2.2:
    resolution: {integrity: sha512-EAlXoksqC6Vbocqc0GtzCruZEzYgrn+iiGnNjsJsH4mrnIGex4qbLdWWNza3AW5W36ZRrlBID0eM6bdKH4OStQ==}
    dependencies:
      prosemirror-state: 1.4.3
      w3c-keyname: 2.2.8
    dev: false

  /prosemirror-markdown/1.13.1:
    resolution: {integrity: sha512-Sl+oMfMtAjWtlcZoj/5L/Q39MpEnVZ840Xo330WJWUvgyhNmLBLN7MsHn07s53nG/KImevWHSE6fEj4q/GihHw==}
    dependencies:
      '@types/markdown-it': 14.1.2
      markdown-it: 14.1.0
      prosemirror-model: 1.24.1
    dev: false

  /prosemirror-menu/1.2.4:
    resolution: {integrity: sha512-S/bXlc0ODQup6aiBbWVsX/eM+xJgCTAfMq/nLqaO5ID/am4wS0tTCIkzwytmao7ypEtjj39i7YbJjAgO20mIqA==}
    dependencies:
      crelt: 1.0.6
      prosemirror-commands: 1.6.2
      prosemirror-history: 1.4.1
      prosemirror-state: 1.4.3
    dev: false

  /prosemirror-model/1.24.1:
    resolution: {integrity: sha512-YM053N+vTThzlWJ/AtPtF1j0ebO36nvbmDy4U7qA2XQB8JVaQp1FmB9Jhrps8s+z+uxhhVTny4m20ptUvhk0Mg==}
    dependencies:
      orderedmap: 2.1.1
    dev: false

  /prosemirror-schema-basic/1.2.3:
    resolution: {integrity: sha512-h+H0OQwZVqMon1PNn0AG9cTfx513zgIG2DY00eJ00Yvgb3UD+GQ/VlWW5rcaxacpCGT1Yx8nuhwXk4+QbXUfJA==}
    dependencies:
      prosemirror-model: 1.24.1
    dev: false

  /prosemirror-schema-list/1.5.0:
    resolution: {integrity: sha512-gg1tAfH1sqpECdhIHOA/aLg2VH3ROKBWQ4m8Qp9mBKrOxQRW61zc+gMCI8nh22gnBzd1t2u1/NPLmO3nAa3ssg==}
    dependencies:
      prosemirror-model: 1.24.1
      prosemirror-state: 1.4.3
      prosemirror-transform: 1.10.2
    dev: false

  /prosemirror-state/1.4.3:
    resolution: {integrity: sha512-goFKORVbvPuAQaXhpbemJFRKJ2aixr+AZMGiquiqKxaucC6hlpHNZHWgz5R7dS4roHiwq9vDctE//CZ++o0W1Q==}
    dependencies:
      prosemirror-model: 1.24.1
      prosemirror-transform: 1.10.2
      prosemirror-view: 1.37.1
    dev: false

  /prosemirror-tables/1.6.2:
    resolution: {integrity: sha512-97dKocVLrEVTQjZ4GBLdrrMw7Gv3no8H8yMwf5IRM9OoHrzbWpcH5jJxYgNQIRCtdIqwDctT1HdMHrGTiwp1dQ==}
    dependencies:
      prosemirror-keymap: 1.2.2
      prosemirror-model: 1.24.1
      prosemirror-state: 1.4.3
      prosemirror-transform: 1.10.2
      prosemirror-view: 1.37.1
    dev: false

  /prosemirror-trailing-node/3.0.0_jwzaqwhmwyfbj6iqz4uooq6xtm:
    resolution: {integrity: sha512-xiun5/3q0w5eRnGYfNlW1uU9W6x5MoFKWwq/0TIRgt09lv7Hcser2QYV8t4muXbEr+Fwo0geYn79Xs4GKywrRQ==}
    peerDependencies:
      prosemirror-model: ^1.22.1
      prosemirror-state: ^1.4.2
      prosemirror-view: ^1.33.8
    dependencies:
      '@remirror/core-constants': 3.0.0
      escape-string-regexp: 4.0.0
      prosemirror-model: 1.24.1
      prosemirror-state: 1.4.3
      prosemirror-view: 1.37.1
    dev: false

  /prosemirror-transform/1.10.2:
    resolution: {integrity: sha512-2iUq0wv2iRoJO/zj5mv8uDUriOHWzXRnOTVgCzSXnktS/2iQRa3UUQwVlkBlYZFtygw6Nh1+X4mGqoYBINn5KQ==}
    dependencies:
      prosemirror-model: 1.24.1
    dev: false

  /prosemirror-view/1.37.1:
    resolution: {integrity: sha512-MEAnjOdXU1InxEmhjgmEzQAikaS6lF3hD64MveTPpjOGNTl87iRLA1HupC/DEV6YuK7m4Q9DHFNTjwIVtqz5NA==}
    dependencies:
      prosemirror-model: 1.24.1
      prosemirror-state: 1.4.3
      prosemirror-transform: 1.10.2
    dev: false

  /punycode.js/2.3.1:
    resolution: {integrity: sha512-uxFIHU0YlHYhDQtV4R9J6a52SLx28BCjT+4ieh7IGbgwVJWO+km431c4yRlREUAsAmt/uMjQUyQHNEPf0M39CA==}
    engines: {node: '>=6'}
    dev: false

  /rollup/3.29.5:
    resolution: {integrity: sha512-GVsDdsbJzzy4S/v3dqWPJ7EfvZJfCHiDqe80IyrF59LYuP+e6U1LJoUqeuqRbwAWoMNoXivMNeNAOf5E22VA1w==}
    engines: {node: '>=14.18.0', npm: '>=8.0.0'}
    hasBin: true
    optionalDependencies:
      fsevents: 2.3.3
    dev: true

  /rope-sequence/1.3.4:
    resolution: {integrity: sha512-UT5EDe2cu2E/6O4igUr5PSFs23nvvukicWHx6GnOPlHAiiYbzNuCRQCuiUdHJQcqKalLKlrYJnjY0ySGsXNQXQ==}
    dev: false

  /semver/7.6.3:
    resolution: {integrity: sha512-oVekP1cKtI+CTDvHWYFUcMtsK/00wmAEfyqKfNdARm8u1wNVhSgaX7A8d4UuIlUI5e84iEwOhs7ZPYRmzU9U6A==}
    engines: {node: '>=10'}
    hasBin: true
    dev: true

  /source-map-js/1.2.1:
    resolution: {integrity: sha512-UXWMKhLOwVKb728IUtQPXxfYU+usdybtUrK/8uGE8CQMvrhOpwvzDBwj0QhSL7MQc7vIsISBG8VQ8+IDQxpfQA==}
    engines: {node: '>=0.10.0'}

  /uc.micro/2.1.0:
    resolution: {integrity: sha512-ARDJmphmdvUk6Glw7y9DQ2bFkKBHwQHLi2lsaH6PPmz/Ka9sFOBsBluozhDltWmnv9u/cF6Rt87znRTPV+yp/A==}
    dev: false

  /vite/4.5.5:
    resolution: {integrity: sha512-ifW3Lb2sMdX+WU91s3R0FyQlAyLxOzCSCP37ujw0+r5POeHPwe6udWVIElKQq8gk3t7b8rkmvqC6IHBpCff4GQ==}
    engines: {node: ^14.18.0 || >=16.0.0}
    hasBin: true
    peerDependencies:
      '@types/node': '>= 14'
      less: '*'
      lightningcss: ^1.21.0
      sass: '*'
      stylus: '*'
      sugarss: '*'
      terser: ^5.4.0
    peerDependenciesMeta:
      '@types/node':
        optional: true
      less:
        optional: true
      lightningcss:
        optional: true
      sass:
        optional: true
      stylus:
        optional: true
      sugarss:
        optional: true
      terser:
        optional: true
    dependencies:
      esbuild: 0.18.20
      postcss: 8.4.49
      rollup: 3.29.5
    optionalDependencies:
      fsevents: 2.3.3
    dev: true

  /vue/3.5.13:
    resolution: {integrity: sha512-wmeiSMxkZCSc+PM2w2VRsOYAZC8GdipNFRTsLSfodVqI9mbejKeXEGr8SckuLnrQPGe3oJN5c3K0vpoU9q/wCQ==}
    peerDependencies:
      typescript: '*'
    peerDependenciesMeta:
      typescript:
        optional: true
    dependencies:
      '@vue/compiler-dom': 3.5.13
      '@vue/compiler-sfc': 3.5.13
      '@vue/runtime-dom': 3.5.13
      '@vue/server-renderer': 3.5.13_vue@3.5.13
      '@vue/shared': 3.5.13

  /w3c-keyname/2.2.8:
    resolution: {integrity: sha512-dpojBhNsCNN7T82Tm7k26A6G9ML3NkhDsnw9n/eoxSRlVBB4CEtIQ/KTCLI2Fwf3ataSXRhYFkQi3SlnFwPvPQ==}
    dev: false

  registry.npmmirror.com/tiptap-markdown/0.8.10_@tiptap+core@3.0.0-next.4:
    resolution: {integrity: sha512-iDVkR2BjAqkTDtFX0h94yVvE2AihCXlF0Q7RIXSJPRSR5I0PA1TMuAg6FHFpmqTn4tPxJ0by0CK7PUMlnFLGEQ==, registry: http://registry.npm.oa.com/, tarball: https://registry.npmmirror.com/tiptap-markdown/-/tiptap-markdown-0.8.10.tgz}
    id: registry.npmmirror.com/tiptap-markdown/0.8.10
    name: tiptap-markdown
    version: 0.8.10
    peerDependencies:
      '@tiptap/core': ^2.0.3
    dependencies:
      '@tiptap/core': 3.0.0-next.4_@tiptap+pm@3.0.0-next.4
      '@types/markdown-it': 13.0.9
      markdown-it: 14.1.0
      markdown-it-task-lists: 2.1.1
      prosemirror-markdown: 1.13.1
    dev: false
